github.com/davecgh/go-spew v1.1.1-0.20171005155431-ecdeabc65495 h1:b2hEFhj0PgDc77eCeDUSKXynIoXJRt6yTZ8aMk2cPoI=
github.com/davecgh/go-spew v1.1.1-0.20171005155431-ecdeabc65495/go.mod h1:J7Y8YcW2NihsgmVo/mv3lAwl/skON4iLHjSsI+c5H38=
github.com/dongmx/rdb v0.0.0-20180629093508-b9efa6c7a3b7 h1:bVTQI5uSIcCb3aoa1CwxxDFZn2F/pmjn8At/YXlm3M0=
github.com/dongmx/rdb v0.0.0-20180629093508-b9efa6c7a3b7/go.mod h1:qh43GHf8ZGaH/nCkRpp6f3/ks0pXVEqOlDgDsdadHFk=
github.com/dustin/go-humanize v0.0.0-20160923163517-bd88f87ad3a4 h1:gDIqYJVfam5UxBGWN4jblshApauXg+Q+eNDpEMqNk+w=
github.com/dustin/go-humanize v0.0.0-20160923163517-bd88f87ad3a4/go.mod h1:HtrtbFcZ19U5GC7JDqmcUSB87Iq5E25KnS6fMYU6eOk=
github.com/elazarl/go-bindata-assetfs v0.0.0-20160822204401-9a6736ed45b4 h1:Jg5/sOI1MJzw6u2J1qA3Nu6JvdHE1ulquzMn/sscg2Y=
github.com/elazarl/go-bindata-assetfs v0.0.0-20160822204401-9a6736ed45b4/go.mod h1:v+YaWX3bdea5J/mo8dSETolEo7R71Vk1u8bnjau5yw4=
github.com/julienschmidt/httprouter v1.1.1-0.20161023144033-4563b0ba73e4 h1:4w0uDgA8KPQzcxp2U/EF365uHNTEgBSr1AE5TdVpzF0=
github.com/julienschmidt/httprouter v1.1.1-0.20161023144033-4563b0ba73e4/go.mod h1:SYymIcj16QtmaHHD7aYtjjsJG7VTCxuUUipMqKk8s4w=
github.com/pkg/errors v0.8.1-0.20180311214515-816c9085562c h1:SZvPVPsWE261bl8uxQ6Siq+ExNmYomz4CTU9E0ALgj4=
github.com/pkg/errors v0.8.1-0.20180311214515-816c9085562c/go.mod h1:bwawxfHBFNV+L2hUp1rHADufV3IMtnDRdf1r5NINEl0=
github.com/pmezard/go-difflib v1.0.0 h1:4DBwDE0NGyQoBHbLQYPwSUPoCMWR5BEzIk/f1lZbAQM=
github.com/pmezard/go-difflib v1.0.0/go.mod h1:iKH77koFhYxTK1pcRnkKkqfTogsbg7gZNVY4sRDYZ/4=
github.com/stretchr/testify v1.1.5-0.20170130113145-4d4bfba8f1d1 h1:lw5Afd+fyvHjR37yaN3zdhmF76Lv3Da1kOeihVDSf9E=
github.com/stretchr/testify v1.1.5-0.20170130113145-4d4bfba8f1d1/go.mod h1:a8OnRcib4nhh0OaRAV+Yts87kKdq0PP7pXfy6kDkUVs=
github.com/urfave/cli v1.19.2-0.20170215051705-2526b57c56f3 h1:aLFlkys2/c3jUVHyHhPeQjC5TZ8TtxHZhq5b7qpm0QE=
github.com/urfave/cli v1.19.2-0.20170215051705-2526b57c56f3/go.mod h1:70zkFmudgCuE/ngEzBv17Jvp/497gISqfk5gWijbERA=
